
Microsoft Visual Studio Solution File, Format Version 12.00
# Visual Studio Version 17
VisualStudioVersion = 17.4.33213.308
MinimumVisualStudioVersion = 10.0.40219.1
Project("{8BC9CEB8-8B4A-11D0-8D11-00A0C91BC942}") = "Lab3", "Lab3\Lab3.vcxproj", "{ABD4B986-F756-4189-B521-2142AFB4CDA4}"
EndProject
Global
	GlobalSection(SolutionConfigurationPlatforms) = preSolution
		Debug|x64 = Debug|x64
		Debug|x86 = Debug|x86
		Release|x64 = Release|x64
		Release|x86 = Release|x86
	EndGlobalSection
	GlobalSection(ProjectConfigurationPlatforms) = postSolution
		{ABD4B986-F756-4189-B521-2142AFB4CDA4}.Debug|x64.ActiveCfg = Debug|x64
		{ABD4B986-F756-4189-B521-2142AFB4CDA4}.Debug|x64.Build.0 = Debug|x64
		{ABD4B986-F756-4189-B521-2142AFB4CDA4}.Debug|x86.ActiveCfg = Debug|Win32
		{ABD4B986-F756-4189-B521-2142AFB4CDA4}.Debug|x86.Build.0 = Debug|Win32
		{ABD4B986-F756-4189-B521-2142AFB4CDA4}.Release|x64.ActiveCfg = Release|x64
		{ABD4B986-F756-4189-B521-2142AFB4CDA4}.Release|x64.Build.0 = Release|x64
		{ABD4B986-F756-4189-B521-2142AFB4CDA4}.Release|x86.ActiveCfg = Release|Win32
		{ABD4B986-F756-4189-B521-2142AFB4CDA4}.Release|x86.Build.0 = Release|Win32
	EndGlobalSection
	GlobalSection(SolutionProperties) = preSolution
		HideSolutionNode = FALSE
	EndGlobalSection
	GlobalSection(ExtensibilityGlobals) = postSolution
		SolutionGuid = {95935202-BC04-4509-AFC9-FFEAACFCFAEB}
	EndGlobalSection
EndGlobal
